Microsoft Visual Studio Solution File, Format Version 11.00
# Visual Studio 2008

Project("{760792FC-D0AA-9E1D-2809-1498699DA1C2}") = "GOP", "Assembly-CSharp-vs.csproj", "{8E0F1D2D-DA1C-DD3C-BF3D-ACDF4D55C836}"
EndProject
Project("{760792FC-D0AA-9E1D-2809-1498699DA1C2}") = "GOP", "Assembly-CSharp-Editor-vs.csproj", "{55C1573C-7BF9-969E-EC8E-AC0C0AD13E8F}"
EndProject
Global
	GlobalSection(SolutionConfigurationPlatforms) = preSolution
		Debug|Any CPU = Debug|Any CPU
		Release|Any CPU = Release|Any CPU
	EndGlobalSection
	GlobalSection(ProjectConfigurationPlatforms) = postSolution
		{8E0F1D2D-DA1C-DD3C-BF3D-ACDF4D55C836}.Debug|Any CPU.ActiveCfg = Debug|Any CPU
		{8E0F1D2D-DA1C-DD3C-BF3D-ACDF4D55C836}.Debug|Any CPU.Build.0 = Debug|Any CPU
		{8E0F1D2D-DA1C-DD3C-BF3D-ACDF4D55C836}.Release|Any CPU.ActiveCfg = Release|Any CPU
		{8E0F1D2D-DA1C-DD3C-BF3D-ACDF4D55C836}.Release|Any CPU.Build.0 = Release|Any CPU
		{55C1573C-7BF9-969E-EC8E-AC0C0AD13E8F}.Debug|Any CPU.ActiveCfg = Debug|Any CPU
		{55C1573C-7BF9-969E-EC8E-AC0C0AD13E8F}.Debug|Any CPU.Build.0 = Debug|Any CPU
		{55C1573C-7BF9-969E-EC8E-AC0C0AD13E8F}.Release|Any CPU.ActiveCfg = Release|Any CPU
		{55C1573C-7BF9-969E-EC8E-AC0C0AD13E8F}.Release|Any CPU.Build.0 = Release|Any CPU
	EndGlobalSection
	GlobalSection(SolutionProperties) = preSolution
		HideSolutionNode = FALSE
	EndGlobalSection
			GlobalSection(MonoDevelopProperties) = preSolution
		StartupItem = Assembly-CSharp.csproj
	EndGlobalSection

EndGlobal
