
Microsoft Visual Studio Solution File, Format Version 12.00
# Visual Studio 2013
Project("{FAE04EC0-301F-11D3-BF4B-00C04F79EFBC}") = "UnityVS.GodOfPuzzle.CSharp", "UnityVS.GodOfPuzzle.CSharp.csproj", "{A2BCDE45-99AF-5E58-6049-16CEBE1CC179}"
EndProject
Project("{FAE04EC0-301F-11D3-BF4B-00C04F79EFBC}") = "UnityVS.GodOfPuzzle.CSharp.Editor", "UnityVS.GodOfPuzzle.CSharp.Editor.csproj", "{4FCCDD70-37F1-62F1-B22B-42E5397F6DD4}"
EndProject
Global
	GlobalSection(SolutionConfigurationPlatforms) = preSolution
		Debug|Any CPU = Debug|Any CPU
		Release|Any CPU = Release|Any CPU
	EndGlobalSection
	GlobalSection(ProjectConfigurationPlatforms) = postSolution
		{A2BCDE45-99AF-5E58-6049-16CEBE1CC179}.Debug|Any CPU.ActiveCfg = Debug|Any CPU
		{A2BCDE45-99AF-5E58-6049-16CEBE1CC179}.Debug|Any CPU.Build.0 = Debug|Any CPU
		{A2BCDE45-99AF-5E58-6049-16CEBE1CC179}.Release|Any CPU.ActiveCfg = Release|Any CPU
		{A2BCDE45-99AF-5E58-6049-16CEBE1CC179}.Release|Any CPU.Build.0 = Release|Any CPU
		{4FCCDD70-37F1-62F1-B22B-42E5397F6DD4}.Debug|Any CPU.ActiveCfg = Debug|Any CPU
		{4FCCDD70-37F1-62F1-B22B-42E5397F6DD4}.Debug|Any CPU.Build.0 = Debug|Any CPU
		{4FCCDD70-37F1-62F1-B22B-42E5397F6DD4}.Release|Any CPU.ActiveCfg = Release|Any CPU
		{4FCCDD70-37F1-62F1-B22B-42E5397F6DD4}.Release|Any CPU.Build.0 = Release|Any CPU
	EndGlobalSection
	GlobalSection(SolutionProperties) = preSolution
		HideSolutionNode = FALSE
	EndGlobalSection
EndGlobal
